// !$*UTF8*$!
{
	archiveVersion = 1;
	classes = {
	};
	objectVersion = 51;
	objects = {

/* Begin PBXBuildFile section */
		1F1853C39B492FC485B4DEC0 /* Pods_kokoroAppiOSUITests.framework in Frameworks */ = {isa = PBXBuildFile; fileRef = 64980F4C3DFDE7A392F2DD7C /* Pods_kokoroAppiOSUITests.framework */; };
		2635588E68BFAD8EDCA2D9E4 /* Pods_kokoroAppiOS.framework in Frameworks */ = {isa = PBXBuildFile; fileRef = 7E53D608AFA8637B9BCEB7F7 /* Pods_kokoroAppiOS.framework */; };
		57499FBF22FD381F0046FA76 /* ResultRestView.swift in Sources */ = {isa = PBXBuildFile; fileRef = 57499FBE22FD381F0046FA76 /* ResultRestView.swift */; };
		57499FC122FD3CDB0046FA76 /* resultDescriptionCell.swift in Sources */ = {isa = PBXBuildFile; fileRef = 57499FC022FD3CDB0046FA76 /* resultDescriptionCell.swift */; };
		574B128222C8816A00B4F304 /* Alart.swift in Sources */ = {isa = PBXBuildFile; fileRef = 574B128122C8816A00B4F304 /* Alart.swift */; };
		574C0A5F22C0576B004CA340 /* ResultDetailViewController.swift in Sources */ = {isa = PBXBuildFile; fileRef = 574C0A5E22C0576B004CA340 /* ResultDetailViewController.swift */; };
		574C59C822DF3ED1005BA220 /* PopupController.swift in Sources */ = {isa = PBXBuildFile; fileRef = 574C59C722DF3ED1005BA220 /* PopupController.swift */; };
		574C59CA22DF4B4B005BA220 /* SupportDescriptionPopupViewController.swift in Sources */ = {isa = PBXBuildFile; fileRef = 574C59C922DF4B4B005BA220 /* SupportDescriptionPopupViewController.swift */; };
		574C60A922C3539C002A5366 /* PresenterInterface.swift in Sources */ = {isa = PBXBuildFile; fileRef = 574C60A822C3539C002A5366 /* PresenterInterface.swift */; };
		574D36FA22BC5CC60041D39E /* MaterialButton.swift in Sources */ = {isa = PBXBuildFile; fileRef = 574D36F922BC5CC60041D39E /* MaterialButton.swift */; };
		574D36FC22BC62F90041D39E /* HistoryViewController.swift in Sources */ = {isa = PBXBuildFile; fileRef = 574D36FB22BC62F90041D39E /* HistoryViewController.swift */; };
		574D36FF22BC6C170041D39E /* HistoryCollectionViewCell.swift in Sources */ = {isa = PBXBuildFile; fileRef = 574D36FE22BC6C170041D39E /* HistoryCollectionViewCell.swift */; };
		574E045722B65622008628C5 /* AppColor.swift in Sources */ = {isa = PBXBuildFile; fileRef = 574E045622B65622008628C5 /* AppColor.swift */; };
		574E045922B65649008628C5 /* EnhancedCircle.swift in Sources */ = {isa = PBXBuildFile; fileRef = 574E045822B65649008628C5 /* EnhancedCircle.swift */; };
		574E045B22B6564A008628C5 /* Extensions.swift in Sources */ = {isa = PBXBuildFile; fileRef = 574E045A22B6564A008628C5 /* Extensions.swift */; };
		574E046622B6876D008628C5 /* UIImageView+kingfisher.swift in Sources */ = {isa = PBXBuildFile; fileRef = 574E046522B6876D008628C5 /* UIImageView+kingfisher.swift */; };
		574E40E422D587E100099341 /* SecondIntroView.swift in Sources */ = {isa = PBXBuildFile; fileRef = 574E40E322D587E100099341 /* SecondIntroView.swift */; };
		574E40E622D587EE00099341 /* FirstIntroView.swift in Sources */ = {isa = PBXBuildFile; fileRef = 574E40E522D587EE00099341 /* FirstIntroView.swift */; };
		574FD3AA22E962D000F15461 /* MPLUSRounded1c-Medium.ttf in Resources */ = {isa = PBXBuildFile; fileRef = 574FD3A922E9614700F15461 /* MPLUSRounded1c-Medium.ttf */; };
		574FD3AB22E962D800F15461 /* MPLUSRounded1c-Regular.ttf in Resources */ = {isa = PBXBuildFile; fileRef = 574FD3A822E9601700F15461 /* MPLUSRounded1c-Regular.ttf */; };
		5754079522C0CD670097D07F /* PlaceHolderTextView.swift in Sources */ = {isa = PBXBuildFile; fileRef = 5754079422C0CD670097D07F /* PlaceHolderTextView.swift */; };
		5757F40E22BEF0E3008783F6 /* GoogleService-Info.plist in Resources */ = {isa = PBXBuildFile; fileRef = 5757F40D22BEF0E2008783F6 /* GoogleService-Info.plist */; };
		5757F41022BEF18A008783F6 /* History.swift in Sources */ = {isa = PBXBuildFile; fileRef = 5757F40F22BEF18A008783F6 /* History.swift */; };
		5757F41222BF0BEA008783F6 /* HistoryCollectionView.swift in Sources */ = {isa = PBXBuildFile; fileRef = 5757F41122BF0BEA008783F6 /* HistoryCollectionView.swift */; };
		575AFD2922D090A500607816 /* charactorDescriptionView.swift in Sources */ = {isa = PBXBuildFile; fileRef = 575AFD2822D090A500607816 /* charactorDescriptionView.swift */; };
		5768D72922D619BC00E084B4 /* SignInViewController.swift in Sources */ = {isa = PBXBuildFile; fileRef = 5768D72822D619BC00E084B4 /* SignInViewController.swift */; };
		5769D4A522C6FE7E006E15CB /* HistoryDetailViewController.swift in Sources */ = {isa = PBXBuildFile; fileRef = 5769D4A422C6FE7E006E15CB /* HistoryDetailViewController.swift */; };
		5769D4A722C70972006E15CB /* HistoryDetailCollectionView.swift in Sources */ = {isa = PBXBuildFile; fileRef = 5769D4A622C70972006E15CB /* HistoryDetailCollectionView.swift */; };
		5769D4A922C70F2E006E15CB /* HistoryDetailCollectionViewCell.swift in Sources */ = {isa = PBXBuildFile; fileRef = 5769D4A822C70F2E006E15CB /* HistoryDetailCollectionViewCell.swift */; };
		576A3BE122F1202400F2FA61 /* TopCharactorView.swift in Sources */ = {isa = PBXBuildFile; fileRef = 576A3BE022F1202400F2FA61 /* TopCharactorView.swift */; };
		576A3BE322F126E600F2FA61 /* TopMenuButtonView.swift in Sources */ = {isa = PBXBuildFile; fileRef = 576A3BE222F126E600F2FA61 /* TopMenuButtonView.swift */; };
		576DD22422BBC69500B83A8E /* TopViewController.swift in Sources */ = {isa = PBXBuildFile; fileRef = 576DD21C22BBC69500B83A8E /* TopViewController.swift */; };
		576DD22522BBC69500B83A8E /* SelectAnswerView.swift in Sources */ = {isa = PBXBuildFile; fileRef = 576DD21D22BBC69500B83A8E /* SelectAnswerView.swift */; };
		576DD22622BBC69500B83A8E /* QuestionContentView.swift in Sources */ = {isa = PBXBuildFile; fileRef = 576DD21E22BBC69500B83A8E /* QuestionContentView.swift */; };
		576DD22722BBC69500B83A8E /* ResultViewController.swift in Sources */ = {isa = PBXBuildFile; fileRef = 576DD21F22BBC69500B83A8E /* ResultViewController.swift */; };
		576DD22922BBC69500B83A8E /* QuestionViewController.swift in Sources */ = {isa = PBXBuildFile; fileRef = 576DD22222BBC69500B83A8E /* QuestionViewController.swift */; };
		576DD22D22BBC6BB00B83A8E /* ResultCollectionViewCell.swift in Sources */ = {isa = PBXBuildFile; fileRef = 576DD22C22BBC6BB00B83A8E /* ResultCollectionViewCell.swift */; };
		576DD23122BBC83A00B83A8E /* AppDelegate.swift in Sources */ = {isa = PBXBuildFile; fileRef = 576DD23022BBC83A00B83A8E /* AppDelegate.swift */; };
		57721DCA22BDD0CC00142ADF /* SignUpViewController.swift in Sources */ = {isa = PBXBuildFile; fileRef = 57721DC922BDD0CC00142ADF /* SignUpViewController.swift */; };
		57721DCD22BDD68200142ADF /* UserManager.swift in Sources */ = {isa = PBXBuildFile; fileRef = 57721DCC22BDD68200142ADF /* UserManager.swift */; };
		57721DCF22BDF37100142ADF /* RootViewController.swift in Sources */ = {isa = PBXBuildFile; fileRef = 57721DCE22BDF37100142ADF /* RootViewController.swift */; };
		57721DD122BDFA6400142ADF /* NavigationController.swift in Sources */ = {isa = PBXBuildFile; fileRef = 57721DD022BDFA6400142ADF /* NavigationController.swift */; };
		57721DD722BE5E5300142ADF /* FirestoreModel.swift in Sources */ = {isa = PBXBuildFile; fileRef = 57721DD622BE5E5300142ADF /* FirestoreModel.swift */; };
		57721DD922BE66EA00142ADF /* User.swift in Sources */ = {isa = PBXBuildFile; fileRef = 57721DD822BE66EA00142ADF /* User.swift */; };
		57721DDB22BE68B600142ADF /* DocumentSnapshot.swift in Sources */ = {isa = PBXBuildFile; fileRef = 57721DDA22BE68B600142ADF /* DocumentSnapshot.swift */; };
		57787F8F22CC637A001C0ADB /* ResultContentView.swift in Sources */ = {isa = PBXBuildFile; fileRef = 57787F8E22CC637A001C0ADB /* ResultContentView.swift */; };
		577A600022C0E4C0003522E7 /* ResultCollectionView.swift in Sources */ = {isa = PBXBuildFile; fileRef = 577A5FFF22C0E4C0003522E7 /* ResultCollectionView.swift */; };
		5783A04D22C7336400A3EE18 /* ScrollTextView.swift in Sources */ = {isa = PBXBuildFile; fileRef = 5783A04C22C7336400A3EE18 /* ScrollTextView.swift */; };
		57AFBBDA22D57480006F8002 /* ThirdIntro.swift in Sources */ = {isa = PBXBuildFile; fileRef = 57AFBBD922D57480006F8002 /* ThirdIntro.swift */; };
		57BC6F8F22DB66640088465B /* Config.swift in Sources */ = {isa = PBXBuildFile; fileRef = 57BC6F8E22DB66640088465B /* Config.swift */; };
		57C9204E22B6117900A8B45D /* Assets.xcassets in Resources */ = {isa = PBXBuildFile; fileRef = 57C9204D22B6117900A8B45D /* Assets.xcassets */; };
		57C9205122B6117900A8B45D /* LaunchScreen.storyboard in Resources */ = {isa = PBXBuildFile; fileRef = 57C9204F22B6117900A8B45D /* LaunchScreen.storyboard */; };
		57C9205C22B6117900A8B45D /* kokoroAppiOSTests.swift in Sources */ = {isa = PBXBuildFile; fileRef = 57C9205B22B6117900A8B45D /* kokoroAppiOSTests.swift */; };
		57C9206722B6117900A8B45D /* kokoroAppiOSUITests.swift in Sources */ = {isa = PBXBuildFile; fileRef = 57C9206622B6117900A8B45D /* kokoroAppiOSUITests.swift */; };
		DAF9BAA5716AD98D87B3E93A /* Pods_kokoroAppiOSTests.framework in Frameworks */ = {isa = PBXBuildFile; fileRef = 1A65EE785E61FF45826CAC2E /* Pods_kokoroAppiOSTests.framework */; };
/* End PBXBuildFile section */

/* Begin PBXContainerItemProxy section */
		57C9205822B6117900A8B45D /* PBXContainerItemProxy */ = {
			isa = PBXContainerItemProxy;
			containerPortal = 57C9203B22B6117700A8B45D /* Project object */;
			proxyType = 1;
			remoteGlobalIDString = 57C9204222B6117700A8B45D;
			remoteInfo = kokoroAppiOS;
		};
		57C9206322B6117900A8B45D /* PBXContainerItemProxy */ = {
			isa = PBXContainerItemProxy;
			containerPortal = 57C9203B22B6117700A8B45D /* Project object */;
			proxyType = 1;
			remoteGlobalIDString = 57C9204222B6117700A8B45D;
			remoteInfo = kokoroAppiOS;
		};
/* End PBXContainerItemProxy section */

/* Begin PBXFileReference section */
		1A65EE785E61FF45826CAC2E /* Pods_kokoroAppiOSTests.framework */ = {isa = PBXFileReference; explicitFileType = wrapper.framework; includeInIndex = 0; path = Pods_kokoroAppiOSTests.framework; sourceTree = BUILT_PRODUCTS_DIR; };
		1DF6ABAE75256D41F5F72C5A /* Pods-kokoroAppiOSTests.release.xcconfig */ = {isa = PBXFileReference; includeInIndex = 1; lastKnownFileType = text.xcconfig; name = "Pods-kokoroAppiOSTests.release.xcconfig"; path = "Target Support Files/Pods-kokoroAppiOSTests/Pods-kokoroAppiOSTests.release.xcconfig"; sourceTree = "<group>"; };
		542C011F2C7E460AFC578EAC /* Pods-kokoroAppiOSUITests.debug.xcconfig */ = {isa = PBXFileReference; includeInIndex = 1; lastKnownFileType = text.xcconfig; name = "Pods-kokoroAppiOSUITests.debug.xcconfig"; path = "Target Support Files/Pods-kokoroAppiOSUITests/Pods-kokoroAppiOSUITests.debug.xcconfig"; sourceTree = "<group>"; };
		57499FBE22FD381F0046FA76 /* ResultRestView.swift */ = {isa = PBXFileReference; lastKnownFileType = sourcecode.swift; path = ResultRestView.swift; sourceTree = "<group>"; };
		57499FC022FD3CDB0046FA76 /* resultDescriptionCell.swift */ = {isa = PBXFileReference; lastKnownFileType = sourcecode.swift; path = resultDescriptionCell.swift; sourceTree = "<group>"; };
		574B128122C8816A00B4F304 /* Alart.swift */ = {isa = PBXFileReference; lastKnownFileType = sourcecode.swift; path = Alart.swift; sourceTree = "<group>"; };
		574C0A5E22C0576B004CA340 /* ResultDetailViewController.swift */ = {isa = PBXFileReference; lastKnownFileType = sourcecode.swift; path = ResultDetailViewController.swift; sourceTree = "<group>"; };
		574C59C722DF3ED1005BA220 /* PopupController.swift */ = {isa = PBXFileReference; lastKnownFileType = sourcecode.swift; path = PopupController.swift; sourceTree = "<group>"; };
		574C59C922DF4B4B005BA220 /* SupportDescriptionPopupViewController.swift */ = {isa = PBXFileReference; lastKnownFileType = sourcecode.swift; path = SupportDescriptionPopupViewController.swift; sourceTree = "<group>"; };
		574C60A822C3539C002A5366 /* PresenterInterface.swift */ = {isa = PBXFileReference; lastKnownFileType = sourcecode.swift; path = PresenterInterface.swift; sourceTree = "<group>"; };
		574D36F922BC5CC60041D39E /* MaterialButton.swift */ = {isa = PBXFileReference; lastKnownFileType = sourcecode.swift; path = MaterialButton.swift; sourceTree = "<group>"; };
		574D36FB22BC62F90041D39E /* HistoryViewController.swift */ = {isa = PBXFileReference; lastKnownFileType = sourcecode.swift; path = HistoryViewController.swift; sourceTree = "<group>"; };
		574D36FE22BC6C170041D39E /* HistoryCollectionViewCell.swift */ = {isa = PBXFileReference; lastKnownFileType = sourcecode.swift; path = HistoryCollectionViewCell.swift; sourceTree = "<group>"; };
		574E045622B65622008628C5 /* AppColor.swift */ = {isa = PBXFileReference; lastKnownFileType = sourcecode.swift; path = AppColor.swift; sourceTree = "<group>"; };
		574E045822B65649008628C5 /* EnhancedCircle.swift */ = {isa = PBXFileReference; lastKnownFileType = sourcecode.swift; path = EnhancedCircle.swift; sourceTree = "<group>"; };
		574E045A22B6564A008628C5 /* Extensions.swift */ = {isa = PBXFileReference; lastKnownFileType = sourcecode.swift; path = Extensions.swift; sourceTree = "<group>"; };
		574E046522B6876D008628C5 /* UIImageView+kingfisher.swift */ = {isa = PBXFileReference; fileEncoding = 4; lastKnownFileType = sourcecode.swift; path = "UIImageView+kingfisher.swift"; sourceTree = "<group>"; };
		574E40E322D587E100099341 /* SecondIntroView.swift */ = {isa = PBXFileReference; lastKnownFileType = sourcecode.swift; path = SecondIntroView.swift; sourceTree = "<group>"; };
		574E40E522D587EE00099341 /* FirstIntroView.swift */ = {isa = PBXFileReference; lastKnownFileType = sourcecode.swift; path = FirstIntroView.swift; sourceTree = "<group>"; };
		574FD3A822E9601700F15461 /* MPLUSRounded1c-Regular.ttf */ = {isa = PBXFileReference; lastKnownFileType = file; path = "MPLUSRounded1c-Regular.ttf"; sourceTree = "<group>"; };
		574FD3A922E9614700F15461 /* MPLUSRounded1c-Medium.ttf */ = {isa = PBXFileReference; lastKnownFileType = file; path = "MPLUSRounded1c-Medium.ttf"; sourceTree = "<group>"; };
		5754079422C0CD670097D07F /* PlaceHolderTextView.swift */ = {isa = PBXFileReference; lastKnownFileType = sourcecode.swift; path = PlaceHolderTextView.swift; sourceTree = "<group>"; };
		5757F40D22BEF0E2008783F6 /* GoogleService-Info.plist */ = {isa = PBXFileReference; fileEncoding = 4; lastKnownFileType = text.plist.xml; path = "GoogleService-Info.plist"; sourceTree = "<group>"; };
		5757F40F22BEF18A008783F6 /* History.swift */ = {isa = PBXFileReference; lastKnownFileType = sourcecode.swift; path = History.swift; sourceTree = "<group>"; };
		5757F41122BF0BEA008783F6 /* HistoryCollectionView.swift */ = {isa = PBXFileReference; lastKnownFileType = sourcecode.swift; path = HistoryCollectionView.swift; sourceTree = "<group>"; };
		575AFD2822D090A500607816 /* charactorDescriptionView.swift */ = {isa = PBXFileReference; lastKnownFileType = sourcecode.swift; path = charactorDescriptionView.swift; sourceTree = "<group>"; };
		5768D72822D619BC00E084B4 /* SignInViewController.swift */ = {isa = PBXFileReference; lastKnownFileType = sourcecode.swift; path = SignInViewController.swift; sourceTree = "<group>"; };
		5769D4A422C6FE7E006E15CB /* HistoryDetailViewController.swift */ = {isa = PBXFileReference; lastKnownFileType = sourcecode.swift; path = HistoryDetailViewController.swift; sourceTree = "<group>"; };
		5769D4A622C70972006E15CB /* HistoryDetailCollectionView.swift */ = {isa = PBXFileReference; lastKnownFileType = sourcecode.swift; path = HistoryDetailCollectionView.swift; sourceTree = "<group>"; };
		5769D4A822C70F2E006E15CB /* HistoryDetailCollectionViewCell.swift */ = {isa = PBXFileReference; lastKnownFileType = sourcecode.swift; path = HistoryDetailCollectionViewCell.swift; sourceTree = "<group>"; };
		576A3BE022F1202400F2FA61 /* TopCharactorView.swift */ = {isa = PBXFileReference; lastKnownFileType = sourcecode.swift; path = TopCharactorView.swift; sourceTree = "<group>"; };
		576A3BE222F126E600F2FA61 /* TopMenuButtonView.swift */ = {isa = PBXFileReference; lastKnownFileType = sourcecode.swift; path = TopMenuButtonView.swift; sourceTree = "<group>"; };
		576DD21C22BBC69500B83A8E /* TopViewController.swift */ = {isa = PBXFileReference; fileEncoding = 4; lastKnownFileType = sourcecode.swift; path = TopViewController.swift; sourceTree = "<group>"; };
		576DD21D22BBC69500B83A8E /* SelectAnswerView.swift */ = {isa = PBXFileReference; fileEncoding = 4; lastKnownFileType = sourcecode.swift; path = SelectAnswerView.swift; sourceTree = "<group>"; };
		576DD21E22BBC69500B83A8E /* QuestionContentView.swift */ = {isa = PBXFileReference; fileEncoding = 4; lastKnownFileType = sourcecode.swift; path = QuestionContentView.swift; sourceTree = "<group>"; };
		576DD21F22BBC69500B83A8E /* ResultViewController.swift */ = {isa = PBXFileReference; fileEncoding = 4; lastKnownFileType = sourcecode.swift; path = ResultViewController.swift; sourceTree = "<group>"; };
		576DD22222BBC69500B83A8E /* QuestionViewController.swift */ = {isa = PBXFileReference; fileEncoding = 4; lastKnownFileType = sourcecode.swift; path = QuestionViewController.swift; sourceTree = "<group>"; };
		576DD22C22BBC6BB00B83A8E /* ResultCollectionViewCell.swift */ = {isa = PBXFileReference; fileEncoding = 4; lastKnownFileType = sourcecode.swift; path = ResultCollectionViewCell.swift; sourceTree = "<group>"; };
		576DD23022BBC83A00B83A8E /* AppDelegate.swift */ = {isa = PBXFileReference; fileEncoding = 4; lastKnownFileType = sourcecode.swift; path = AppDelegate.swift; sourceTree = "<group>"; };
		57721DC922BDD0CC00142ADF /* SignUpViewController.swift */ = {isa = PBXFileReference; lastKnownFileType = sourcecode.swift; path = SignUpViewController.swift; sourceTree = "<group>"; };
		57721DCC22BDD68200142ADF /* UserManager.swift */ = {isa = PBXFileReference; lastKnownFileType = sourcecode.swift; path = UserManager.swift; sourceTree = "<group>"; };
		57721DCE22BDF37100142ADF /* RootViewController.swift */ = {isa = PBXFileReference; lastKnownFileType = sourcecode.swift; path = RootViewController.swift; sourceTree = "<group>"; };
		57721DD022BDFA6400142ADF /* NavigationController.swift */ = {isa = PBXFileReference; lastKnownFileType = sourcecode.swift; path = NavigationController.swift; sourceTree = "<group>"; };
		57721DD622BE5E5300142ADF /* FirestoreModel.swift */ = {isa = PBXFileReference; lastKnownFileType = sourcecode.swift; path = FirestoreModel.swift; sourceTree = "<group>"; };
		57721DD822BE66EA00142ADF /* User.swift */ = {isa = PBXFileReference; lastKnownFileType = sourcecode.swift; path = User.swift; sourceTree = "<group>"; };
		57721DDA22BE68B600142ADF /* DocumentSnapshot.swift */ = {isa = PBXFileReference; lastKnownFileType = sourcecode.swift; path = DocumentSnapshot.swift; sourceTree = "<group>"; };
		57787F8E22CC637A001C0ADB /* ResultContentView.swift */ = {isa = PBXFileReference; lastKnownFileType = sourcecode.swift; path = ResultContentView.swift; sourceTree = "<group>"; };
		57787F9022CC78C6001C0ADB /* kokoroAppiOS.entitlements */ = {isa = PBXFileReference; lastKnownFileType = text.plist.entitlements; path = kokoroAppiOS.entitlements; sourceTree = "<group>"; };
		577A5FFF22C0E4C0003522E7 /* ResultCollectionView.swift */ = {isa = PBXFileReference; lastKnownFileType = sourcecode.swift; path = ResultCollectionView.swift; sourceTree = "<group>"; };
		5783A04C22C7336400A3EE18 /* ScrollTextView.swift */ = {isa = PBXFileReference; lastKnownFileType = sourcecode.swift; path = ScrollTextView.swift; sourceTree = "<group>"; };
		57AFBBD922D57480006F8002 /* ThirdIntro.swift */ = {isa = PBXFileReference; lastKnownFileType = sourcecode.swift; path = ThirdIntro.swift; sourceTree = "<group>"; };
		57BC6F8E22DB66640088465B /* Config.swift */ = {isa = PBXFileReference; lastKnownFileType = sourcecode.swift; path = Config.swift; sourceTree = "<group>"; };
		57C9204322B6117700A8B45D /* kokoroAppiOS.app */ = {isa = PBXFileReference; explicitFileType = wrapper.application; includeInIndex = 0; path = kokoroAppiOS.app; sourceTree = BUILT_PRODUCTS_DIR; };
		57C9204D22B6117900A8B45D /* Assets.xcassets */ = {isa = PBXFileReference; lastKnownFileType = folder.assetcatalog; path = Assets.xcassets; sourceTree = "<group>"; };
		57C9205022B6117900A8B45D /* Base */ = {isa = PBXFileReference; lastKnownFileType = file.storyboard; name = Base; path = Base.lproj/LaunchScreen.storyboard; sourceTree = "<group>"; };
		57C9205222B6117900A8B45D /* Info.plist */ = {isa = PBXFileReference; lastKnownFileType = text.plist.xml; path = Info.plist; sourceTree = "<group>"; };
		57C9205722B6117900A8B45D /* kokoroAppiOSTests.xctest */ = {isa = PBXFileReference; explicitFileType = wrapper.cfbundle; includeInIndex = 0; path = kokoroAppiOSTests.xctest; sourceTree = BUILT_PRODUCTS_DIR; };
		57C9205B22B6117900A8B45D /* kokoroAppiOSTests.swift */ = {isa = PBXFileReference; lastKnownFileType = sourcecode.swift; path = kokoroAppiOSTests.swift; sourceTree = "<group>"; };
		57C9205D22B6117900A8B45D /* Info.plist */ = {isa = PBXFileReference; lastKnownFileType = text.plist.xml; path = Info.plist; sourceTree = "<group>"; };
		57C9206222B6117900A8B45D /* kokoroAppiOSUITests.xctest */ = {isa = PBXFileReference; explicitFileType = wrapper.cfbundle; includeInIndex = 0; path = kokoroAppiOSUITests.xctest; sourceTree = BUILT_PRODUCTS_DIR; };
		57C9206622B6117900A8B45D /* kokoroAppiOSUITests.swift */ = {isa = PBXFileReference; lastKnownFileType = sourcecode.swift; path = kokoroAppiOSUITests.swift; sourceTree = "<group>"; };
		57C9206822B6117900A8B45D /* Info.plist */ = {isa = PBXFileReference; lastKnownFileType = text.plist.xml; path = Info.plist; sourceTree = "<group>"; };
		64980F4C3DFDE7A392F2DD7C /* Pods_kokoroAppiOSUITests.framework */ = {isa = PBXFileReference; explicitFileType = wrapper.framework; includeInIndex = 0; path = Pods_kokoroAppiOSUITests.framework; sourceTree = BUILT_PRODUCTS_DIR; };
		6BBBD5F9FCDE252ADA0FAAA0 /* Pods-kokoroAppiOS.debug.xcconfig */ = {isa = PBXFileReference; includeInIndex = 1; lastKnownFileType = text.xcconfig; name = "Pods-kokoroAppiOS.debug.xcconfig"; path = "Target Support Files/Pods-kokoroAppiOS/Pods-kokoroAppiOS.debug.xcconfig"; sourceTree = "<group>"; };
		7E53D608AFA8637B9BCEB7F7 /* Pods_kokoroAppiOS.framework */ = {isa = PBXFileReference; explicitFileType = wrapper.framework; includeInIndex = 0; path = Pods_kokoroAppiOS.framework; sourceTree = BUILT_PRODUCTS_DIR; };
		AD3CF7E3CDCF5D94307C81EB /* Pods-kokoroAppiOSTests.debug.xcconfig */ = {isa = PBXFileReference; includeInIndex = 1; lastKnownFileType = text.xcconfig; name = "Pods-kokoroAppiOSTests.debug.xcconfig"; path = "Target Support Files/Pods-kokoroAppiOSTests/Pods-kokoroAppiOSTests.debug.xcconfig"; sourceTree = "<group>"; };
		C1F762CBBAA04E8C2137D838 /* Pods-kokoroAppiOS.release.xcconfig */ = {isa = PBXFileReference; includeInIndex = 1; lastKnownFileType = text.xcconfig; name = "Pods-kokoroAppiOS.release.xcconfig"; path = "Target Support Files/Pods-kokoroAppiOS/Pods-kokoroAppiOS.release.xcconfig"; sourceTree = "<group>"; };
		C38FDC11FD397E2978F107CF /* Pods-kokoroAppiOSUITests.release.xcconfig */ = {isa = PBXFileReference; includeInIndex = 1; lastKnownFileType = text.xcconfig; name = "Pods-kokoroAppiOSUITests.release.xcconfig"; path = "Target Support Files/Pods-kokoroAppiOSUITests/Pods-kokoroAppiOSUITests.release.xcconfig"; sourceTree = "<group>"; };
/* End PBXFileReference section */

/* Begin PBXFrameworksBuildPhase section */
		57C9204022B6117700A8B45D /* Frameworks */ = {
			isa = PBXFrameworksBuildPhase;
			buildActionMask = 2147483647;
			files = (
				2635588E68BFAD8EDCA2D9E4 /* Pods_kokoroAppiOS.framework in Frameworks */,
			);
			runOnlyForDeploymentPostprocessing = 0;
		};
		57C9205422B6117900A8B45D /* Frameworks */ = {
			isa = PBXFrameworksBuildPhase;
			buildActionMask = 2147483647;
			files = (
				DAF9BAA5716AD98D87B3E93A /* Pods_kokoroAppiOSTests.framework in Frameworks */,
			);
			runOnlyForDeploymentPostprocessing = 0;
		};
		57C9205F22B6117900A8B45D /* Frameworks */ = {
			isa = PBXFrameworksBuildPhase;
			buildActionMask = 2147483647;
			files = (
				1F1853C39B492FC485B4DEC0 /* Pods_kokoroAppiOSUITests.framework in Frameworks */,
			);
			runOnlyForDeploymentPostprocessing = 0;
		};
/* End PBXFrameworksBuildPhase section */

/* Begin PBXGroup section */
		574D36FD22BC6BFF0041D39E /* Cell */ = {
			isa = PBXGroup;
			children = (
				576DD22C22BBC6BB00B83A8E /* ResultCollectionViewCell.swift */,
				574D36FE22BC6C170041D39E /* HistoryCollectionViewCell.swift */,
				5769D4A822C70F2E006E15CB /* HistoryDetailCollectionViewCell.swift */,
			);
			path = Cell;
			sourceTree = "<group>";
		};
		574E046022B6565A008628C5 /* Base */ = {
			isa = PBXGroup;
			children = (
				574E045622B65622008628C5 /* AppColor.swift */,
				574E045822B65649008628C5 /* EnhancedCircle.swift */,
				574E045A22B6564A008628C5 /* Extensions.swift */,
				574E046522B6876D008628C5 /* UIImageView+kingfisher.swift */,
				574D36F922BC5CC60041D39E /* MaterialButton.swift */,
				5754079422C0CD670097D07F /* PlaceHolderTextView.swift */,
				574C60A822C3539C002A5366 /* PresenterInterface.swift */,
				574B128122C8816A00B4F304 /* Alart.swift */,
				57BC6F8E22DB66640088465B /* Config.swift */,
				574C59C722DF3ED1005BA220 /* PopupController.swift */,
				574C59C922DF4B4B005BA220 /* SupportDescriptionPopupViewController.swift */,
			);
			path = Base;
			sourceTree = "<group>";
		};
		57721DCB22BDD66200142ADF /* Model */ = {
			isa = PBXGroup;
			children = (
				57721DCC22BDD68200142ADF /* UserManager.swift */,
				57721DD622BE5E5300142ADF /* FirestoreModel.swift */,
				57721DD822BE66EA00142ADF /* User.swift */,
				57721DDA22BE68B600142ADF /* DocumentSnapshot.swift */,
				5757F40F22BEF18A008783F6 /* History.swift */,
			);
			path = Model;
			sourceTree = "<group>";
		};
		5783A04B22C7325300A3EE18 /* Controller */ = {
			isa = PBXGroup;
			children = (
				576DD21C22BBC69500B83A8E /* TopViewController.swift */,
				576DD22222BBC69500B83A8E /* QuestionViewController.swift */,
				576DD21F22BBC69500B83A8E /* ResultViewController.swift */,
				574D36FB22BC62F90041D39E /* HistoryViewController.swift */,
				57721DC922BDD0CC00142ADF /* SignUpViewController.swift */,
				57721DCE22BDF37100142ADF /* RootViewController.swift */,
				57721DD022BDFA6400142ADF /* NavigationController.swift */,
				574C0A5E22C0576B004CA340 /* ResultDetailViewController.swift */,
				5769D4A422C6FE7E006E15CB /* HistoryDetailViewController.swift */,
				5768D72822D619BC00E084B4 /* SignInViewController.swift */,
			);
			path = Controller;
			sourceTree = "<group>";
		};
		57B6AECB22B64AB000007724 /* View */ = {
			isa = PBXGroup;
			children = (
				574D36FD22BC6BFF0041D39E /* Cell */,
				576DD21E22BBC69500B83A8E /* QuestionContentView.swift */,
				576DD21D22BBC69500B83A8E /* SelectAnswerView.swift */,
				5757F41122BF0BEA008783F6 /* HistoryCollectionView.swift */,
				577A5FFF22C0E4C0003522E7 /* ResultCollectionView.swift */,
				5769D4A622C70972006E15CB /* HistoryDetailCollectionView.swift */,
				5783A04C22C7336400A3EE18 /* ScrollTextView.swift */,
				57787F8E22CC637A001C0ADB /* ResultContentView.swift */,
				575AFD2822D090A500607816 /* charactorDescriptionView.swift */,
				57AFBBD922D57480006F8002 /* ThirdIntro.swift */,
				574E40E322D587E100099341 /* SecondIntroView.swift */,
				574E40E522D587EE00099341 /* FirstIntroView.swift */,
				576A3BE022F1202400F2FA61 /* TopCharactorView.swift */,
				576A3BE222F126E600F2FA61 /* TopMenuButtonView.swift */,
				57499FBE22FD381F0046FA76 /* ResultRestView.swift */,
				57499FC022FD3CDB0046FA76 /* resultDescriptionCell.swift */,
			);
			path = View;
			sourceTree = "<group>";
		};
		57C9203A22B6117700A8B45D = {
			isa = PBXGroup;
			children = (
				57C9204522B6117700A8B45D /* kokoroAppiOS */,
				57C9205A22B6117900A8B45D /* kokoroAppiOSTests */,
				57C9206522B6117900A8B45D /* kokoroAppiOSUITests */,
				57C9204422B6117700A8B45D /* Products */,
				FFB8FBF60D10C19E55CB9C49 /* Pods */,
				A9D7CFF88C2FE999C1303A7F /* Frameworks */,
			);
			sourceTree = "<group>";
		};
		57C9204422B6117700A8B45D /* Products */ = {
			isa = PBXGroup;
			children = (
				57C9204322B6117700A8B45D /* kokoroAppiOS.app */,
				57C9205722B6117900A8B45D /* kokoroAppiOSTests.xctest */,
				57C9206222B6117900A8B45D /* kokoroAppiOSUITests.xctest */,
			);
			name = Products;
			sourceTree = "<group>";
		};
		57C9204522B6117700A8B45D /* kokoroAppiOS */ = {
			isa = PBXGroup;
			children = (
				57787F9022CC78C6001C0ADB /* kokoroAppiOS.entitlements */,
				57721DCB22BDD66200142ADF /* Model */,
				574E046022B6565A008628C5 /* Base */,
				576DD23022BBC83A00B83A8E /* AppDelegate.swift */,
				5783A04B22C7325300A3EE18 /* Controller */,
				57B6AECB22B64AB000007724 /* View */,
				57C9204D22B6117900A8B45D /* Assets.xcassets */,
				57C9204F22B6117900A8B45D /* LaunchScreen.storyboard */,
				57C9205222B6117900A8B45D /* Info.plist */,
				5757F40D22BEF0E2008783F6 /* GoogleService-Info.plist */,
				574FD3A922E9614700F15461 /* MPLUSRounded1c-Medium.ttf */,
				574FD3A822E9601700F15461 /* MPLUSRounded1c-Regular.ttf */,
			);
			path = kokoroAppiOS;
			sourceTree = "<group>";
		};
		57C9205A22B6117900A8B45D /* kokoroAppiOSTests */ = {
			isa = PBXGroup;
			children = (
				57C9205B22B6117900A8B45D /* kokoroAppiOSTests.swift */,
				57C9205D22B6117900A8B45D /* Info.plist */,
			);
			path = kokoroAppiOSTests;
			sourceTree = "<group>";
		};
		57C9206522B6117900A8B45D /* kokoroAppiOSUITests */ = {
			isa = PBXGroup;
			children = (
				57C9206622B6117900A8B45D /* kokoroAppiOSUITests.swift */,
				57C9206822B6117900A8B45D /* Info.plist */,
			);
			path = kokoroAppiOSUITests;
			sourceTree = "<group>";
		};
		A9D7CFF88C2FE999C1303A7F /* Frameworks */ = {
			isa = PBXGroup;
			children = (
				7E53D608AFA8637B9BCEB7F7 /* Pods_kokoroAppiOS.framework */,
				1A65EE785E61FF45826CAC2E /* Pods_kokoroAppiOSTests.framework */,
				64980F4C3DFDE7A392F2DD7C /* Pods_kokoroAppiOSUITests.framework */,
			);
			name = Frameworks;
			sourceTree = "<group>";
		};
		FFB8FBF60D10C19E55CB9C49 /* Pods */ = {
			isa = PBXGroup;
			children = (
				6BBBD5F9FCDE252ADA0FAAA0 /* Pods-kokoroAppiOS.debug.xcconfig */,
				C1F762CBBAA04E8C2137D838 /* Pods-kokoroAppiOS.release.xcconfig */,
				AD3CF7E3CDCF5D94307C81EB /* Pods-kokoroAppiOSTests.debug.xcconfig */,
				1DF6ABAE75256D41F5F72C5A /* Pods-kokoroAppiOSTests.release.xcconfig */,
				542C011F2C7E460AFC578EAC /* Pods-kokoroAppiOSUITests.debug.xcconfig */,
				C38FDC11FD397E2978F107CF /* Pods-kokoroAppiOSUITests.release.xcconfig */,
			);
			path = Pods;
			sourceTree = "<group>";
		};
/* End PBXGroup section */

/* Begin PBXNativeTarget section */
		57C9204222B6117700A8B45D /* kokoroAppiOS */ = {
			isa = PBXNativeTarget;
			buildConfigurationList = 57C9206B22B6117900A8B45D /* Build configuration list for PBXNativeTarget "kokoroAppiOS" */;
			buildPhases = (
				AED8DC10139CA6185EEE174F /* [CP] Check Pods Manifest.lock */,
				57C9203F22B6117700A8B45D /* Sources */,
				57C9204022B6117700A8B45D /* Frameworks */,
				57C9204122B6117700A8B45D /* Resources */,
				7F0D01DFB81250FA6516A9A4 /* [CP] Embed Pods Frameworks */,
				FCC7C9058E3D99FAAFE45364 /* [CP] Copy Pods Resources */,
			);
			buildRules = (
			);
			dependencies = (
			);
			name = kokoroAppiOS;
			productName = kokoroAppiOS;
			productReference = 57C9204322B6117700A8B45D /* kokoroAppiOS.app */;
			productType = "com.apple.product-type.application";
		};
		57C9205622B6117900A8B45D /* kokoroAppiOSTests */ = {
			isa = PBXNativeTarget;
			buildConfigurationList = 57C9206E22B6117900A8B45D /* Build configuration list for PBXNativeTarget "kokoroAppiOSTests" */;
			buildPhases = (
				B0134589D89D51E6F0789EA0 /* [CP] Check Pods Manifest.lock */,
				57C9205322B6117900A8B45D /* Sources */,
				57C9205422B6117900A8B45D /* Frameworks */,
				57C9205522B6117900A8B45D /* Resources */,
			);
			buildRules = (
			);
			dependencies = (
				57C9205922B6117900A8B45D /* PBXTargetDependency */,
			);
			name = kokoroAppiOSTests;
			productName = kokoroAppiOSTests;
			productReference = 57C9205722B6117900A8B45D /* kokoroAppiOSTests.xctest */;
			productType = "com.apple.product-type.bundle.unit-test";
		};
		57C9206122B6117900A8B45D /* kokoroAppiOSUITests */ = {
			isa = PBXNativeTarget;
			buildConfigurationList = 57C9207122B6117900A8B45D /* Build configuration list for PBXNativeTarget "kokoroAppiOSUITests" */;
			buildPhases = (
				DDCE0DEB47DE71EF375F88FD /* [CP] Check Pods Manifest.lock */,
				57C9205E22B6117900A8B45D /* Sources */,
				57C9205F22B6117900A8B45D /* Frameworks */,
				57C9206022B6117900A8B45D /* Resources */,
			);
			buildRules = (
			);
			dependencies = (
				57C9206422B6117900A8B45D /* PBXTargetDependency */,
			);
			name = kokoroAppiOSUITests;
			productName = kokoroAppiOSUITests;
			productReference = 57C9206222B6117900A8B45D /* kokoroAppiOSUITests.xctest */;
			productType = "com.apple.product-type.bundle.ui-testing";
		};
/* End PBXNativeTarget section */

/* Begin PBXProject section */
		57C9203B22B6117700A8B45D /* Project object */ = {
			isa = PBXProject;
			attributes = {
				LastSwiftUpdateCheck = 1020;
				LastUpgradeCheck = 1020;
				ORGANIZATIONNAME = "中野湧仁";
				TargetAttributes = {
					57C9204222B6117700A8B45D = {
						CreatedOnToolsVersion = 10.2.1;
						SystemCapabilities = {
							com.apple.Push = {
								enabled = 1;
							};
						};
					};
					57C9205622B6117900A8B45D = {
						CreatedOnToolsVersion = 10.2.1;
						TestTargetID = 57C9204222B6117700A8B45D;
					};
					57C9206122B6117900A8B45D = {
						CreatedOnToolsVersion = 10.2.1;
						TestTargetID = 57C9204222B6117700A8B45D;
					};
				};
			};
			buildConfigurationList = 57C9203E22B6117700A8B45D /* Build configuration list for PBXProject "kokoroAppiOS" */;
			compatibilityVersion = "Xcode 9.3";
			developmentRegion = en;
			hasScannedForEncodings = 0;
			knownRegions = (
				en,
				Base,
			);
			mainGroup = 57C9203A22B6117700A8B45D;
			productRefGroup = 57C9204422B6117700A8B45D /* Products */;
			projectDirPath = "";
			projectRoot = "";
			targets = (
				57C9204222B6117700A8B45D /* kokoroAppiOS */,
				57C9205622B6117900A8B45D /* kokoroAppiOSTests */,
				57C9206122B6117900A8B45D /* kokoroAppiOSUITests */,
			);
		};
/* End PBXProject section */

/* Begin PBXResourcesBuildPhase section */
		57C9204122B6117700A8B45D /* Resources */ = {
			isa = PBXResourcesBuildPhase;
			buildActionMask = 2147483647;
			files = (
				574FD3AB22E962D800F15461 /* MPLUSRounded1c-Regular.ttf in Resources */,
				574FD3AA22E962D000F15461 /* MPLUSRounded1c-Medium.ttf in Resources */,
				57C9205122B6117900A8B45D /* LaunchScreen.storyboard in Resources */,
				57C9204E22B6117900A8B45D /* Assets.xcassets in Resources */,
				5757F40E22BEF0E3008783F6 /* GoogleService-Info.plist in Resources */,
			);
			runOnlyForDeploymentPostprocessing = 0;
		};
		57C9205522B6117900A8B45D /* Resources */ = {
			isa = PBXResourcesBuildPhase;
			buildActionMask = 2147483647;
			files = (
			);
			runOnlyForDeploymentPostprocessing = 0;
		};
		57C9206022B6117900A8B45D /* Resources */ = {
			isa = PBXResourcesBuildPhase;
			buildActionMask = 2147483647;
			files = (
			);
			runOnlyForDeploymentPostprocessing = 0;
		};
/* End PBXResourcesBuildPhase section */

/* Begin PBXShellScriptBuildPhase section */
		7F0D01DFB81250FA6516A9A4 /* [CP] Embed Pods Frameworks */ = {
			isa = PBXShellScriptBuildPhase;
			buildActionMask = 2147483647;
			files = (
			);
			inputFileListPaths = (
				"${PODS_ROOT}/Target Support Files/Pods-kokoroAppiOS/Pods-kokoroAppiOS-frameworks-${CONFIGURATION}-input-files.xcfilelist",
			);
			name = "[CP] Embed Pods Frameworks";
			outputFileListPaths = (
				"${PODS_ROOT}/Target Support Files/Pods-kokoroAppiOS/Pods-kokoroAppiOS-frameworks-${CONFIGURATION}-output-files.xcfilelist",
			);
			runOnlyForDeploymentPostprocessing = 0;
			shellPath = /bin/sh;
			shellScript = "\"${PODS_ROOT}/Target Support Files/Pods-kokoroAppiOS/Pods-kokoroAppiOS-frameworks.sh\"\n";
			showEnvVarsInLog = 0;
		};
		AED8DC10139CA6185EEE174F /* [CP] Check Pods Manifest.lock */ = {
			isa = PBXShellScriptBuildPhase;
			buildActionMask = 2147483647;
			files = (
			);
			inputFileListPaths = (
			);
			inputPaths = (
				"${PODS_PODFILE_DIR_PATH}/Podfile.lock",
				"${PODS_ROOT}/Manifest.lock",
			);
			name = "[CP] Check Pods Manifest.lock";
			outputFileListPaths = (
			);
			outputPaths = (
				"$(DERIVED_FILE_DIR)/Pods-kokoroAppiOS-checkManifestLockResult.txt",
			);
			runOnlyForDeploymentPostprocessing = 0;
			shellPath = /bin/sh;
			shellScript = "diff \"${PODS_PODFILE_DIR_PATH}/Podfile.lock\" \"${PODS_ROOT}/Manifest.lock\" > /dev/null\nif [ $? != 0 ] ; then\n    # print error to STDERR\n    echo \"error: The sandbox is not in sync with the Podfile.lock. Run 'pod install' or update your CocoaPods installation.\" >&2\n    exit 1\nfi\n# This output is used by Xcode 'outputs' to avoid re-running this script phase.\necho \"SUCCESS\" > \"${SCRIPT_OUTPUT_FILE_0}\"\n";
			showEnvVarsInLog = 0;
		};
		B0134589D89D51E6F0789EA0 /* [CP] Check Pods Manifest.lock */ = {
			isa = PBXShellScriptBuildPhase;
			buildActionMask = 2147483647;
			files = (
			);
			inputFileListPaths = (
			);
			inputPaths = (
				"${PODS_PODFILE_DIR_PATH}/Podfile.lock",
				"${PODS_ROOT}/Manifest.lock",
			);
			name = "[CP] Check Pods Manifest.lock";
			outputFileListPaths = (
			);
			outputPaths = (
				"$(DERIVED_FILE_DIR)/Pods-kokoroAppiOSTests-checkManifestLockResult.txt",
			);
			runOnlyForDeploymentPostprocessing = 0;
			shellPath = /bin/sh;
			shellScript = "diff \"${PODS_PODFILE_DIR_PATH}/Podfile.lock\" \"${PODS_ROOT}/Manifest.lock\" > /dev/null\nif [ $? != 0 ] ; then\n    # print error to STDERR\n    echo \"error: The sandbox is not in sync with the Podfile.lock. Run 'pod install' or update your CocoaPods installation.\" >&2\n    exit 1\nfi\n# This output is used by Xcode 'outputs' to avoid re-running this script phase.\necho \"SUCCESS\" > \"${SCRIPT_OUTPUT_FILE_0}\"\n";
			showEnvVarsInLog = 0;
		};
		DDCE0DEB47DE71EF375F88FD /* [CP] Check Pods Manifest.lock */ = {
			isa = PBXShellScriptBuildPhase;
			buildActionMask = 2147483647;
			files = (
			);
			inputFileListPaths = (
			);
			inputPaths = (
				"${PODS_PODFILE_DIR_PATH}/Podfile.lock",
				"${PODS_ROOT}/Manifest.lock",
			);
			name = "[CP] Check Pods Manifest.lock";
			outputFileListPaths = (
			);
			outputPaths = (
				"$(DERIVED_FILE_DIR)/Pods-kokoroAppiOSUITests-checkManifestLockResult.txt",
			);
			runOnlyForDeploymentPostprocessing = 0;
			shellPath = /bin/sh;
			shellScript = "diff \"${PODS_PODFILE_DIR_PATH}/Podfile.lock\" \"${PODS_ROOT}/Manifest.lock\" > /dev/null\nif [ $? != 0 ] ; then\n    # print error to STDERR\n    echo \"error: The sandbox is not in sync with the Podfile.lock. Run 'pod install' or update your CocoaPods installation.\" >&2\n    exit 1\nfi\n# This output is used by Xcode 'outputs' to avoid re-running this script phase.\necho \"SUCCESS\" > \"${SCRIPT_OUTPUT_FILE_0}\"\n";
			showEnvVarsInLog = 0;
		};
		FCC7C9058E3D99FAAFE45364 /* [CP] Copy Pods Resources */ = {
			isa = PBXShellScriptBuildPhase;
			buildActionMask = 2147483647;
			files = (
			);
			inputFileListPaths = (
				"${PODS_ROOT}/Target Support Files/Pods-kokoroAppiOS/Pods-kokoroAppiOS-resources-${CONFIGURATION}-input-files.xcfilelist",
			);
			name = "[CP] Copy Pods Resources";
			outputFileListPaths = (
				"${PODS_ROOT}/Target Support Files/Pods-kokoroAppiOS/Pods-kokoroAppiOS-resources-${CONFIGURATION}-output-files.xcfilelist",
			);
			runOnlyForDeploymentPostprocessing = 0;
			shellPath = /bin/sh;
			shellScript = "\"${PODS_ROOT}/Target Support Files/Pods-kokoroAppiOS/Pods-kokoroAppiOS-resources.sh\"\n";
			showEnvVarsInLog = 0;
		};
/* End PBXShellScriptBuildPhase section */

/* Begin PBXSourcesBuildPhase section */
		57C9203F22B6117700A8B45D /* Sources */ = {
			isa = PBXSourcesBuildPhase;
			buildActionMask = 2147483647;
			files = (
				5769D4A522C6FE7E006E15CB /* HistoryDetailViewController.swift in Sources */,
				576DD22622BBC69500B83A8E /* QuestionContentView.swift in Sources */,
				5783A04D22C7336400A3EE18 /* ScrollTextView.swift in Sources */,
				576A3BE322F126E600F2FA61 /* TopMenuButtonView.swift in Sources */,
				57721DDB22BE68B600142ADF /* DocumentSnapshot.swift in Sources */,
				57BC6F8F22DB66640088465B /* Config.swift in Sources */,
				576DD22922BBC69500B83A8E /* QuestionViewController.swift in Sources */,
				5769D4A722C70972006E15CB /* HistoryDetailCollectionView.swift in Sources */,
				576DD23122BBC83A00B83A8E /* AppDelegate.swift in Sources */,
				574D36FF22BC6C170041D39E /* HistoryCollectionViewCell.swift in Sources */,
				577A600022C0E4C0003522E7 /* ResultCollectionView.swift in Sources */,
				574C60A922C3539C002A5366 /* PresenterInterface.swift in Sources */,
				576DD22D22BBC6BB00B83A8E /* ResultCollectionViewCell.swift in Sources */,
				57721DCA22BDD0CC00142ADF /* SignUpViewController.swift in Sources */,
				5757F41022BEF18A008783F6 /* History.swift in Sources */,
				5769D4A922C70F2E006E15CB /* HistoryDetailCollectionViewCell.swift in Sources */,
				574C59C822DF3ED1005BA220 /* PopupController.swift in Sources */,
				57AFBBDA22D57480006F8002 /* ThirdIntro.swift in Sources */,
				574E046622B6876D008628C5 /* UIImageView+kingfisher.swift in Sources */,
				57787F8F22CC637A001C0ADB /* ResultContentView.swift in Sources */,
				5757F41222BF0BEA008783F6 /* HistoryCollectionView.swift in Sources */,
				574E045B22B6564A008628C5 /* Extensions.swift in Sources */,
				57721DD122BDFA6400142ADF /* NavigationController.swift in Sources */,
				57499FBF22FD381F0046FA76 /* ResultRestView.swift in Sources */,
				57721DD722BE5E5300142ADF /* FirestoreModel.swift in Sources */,
				574E40E622D587EE00099341 /* FirstIntroView.swift in Sources */,
				574D36FA22BC5CC60041D39E /* MaterialButton.swift in Sources */,
				576DD22422BBC69500B83A8E /* TopViewController.swift in Sources */,
				5754079522C0CD670097D07F /* PlaceHolderTextView.swift in Sources */,
				574E045722B65622008628C5 /* AppColor.swift in Sources */,
				5768D72922D619BC00E084B4 /* SignInViewController.swift in Sources */,
				574B128222C8816A00B4F304 /* Alart.swift in Sources */,
				576DD22522BBC69500B83A8E /* SelectAnswerView.swift in Sources */,
				574E045922B65649008628C5 /* EnhancedCircle.swift in Sources */,
				57499FC122FD3CDB0046FA76 /* resultDescriptionCell.swift in Sources */,
				574C0A5F22C0576B004CA340 /* ResultDetailViewController.swift in Sources */,
				57721DCF22BDF37100142ADF /* RootViewController.swift in Sources */,
				575AFD2922D090A500607816 /* charactorDescriptionView.swift in Sources */,
				57721DD922BE66EA00142ADF /* User.swift in Sources */,
				574D36FC22BC62F90041D39E /* HistoryViewController.swift in Sources */,
				57721DCD22BDD68200142ADF /* UserManager.swift in Sources */,
				576DD22722BBC69500B83A8E /* ResultViewController.swift in Sources */,
				574C59CA22DF4B4B005BA220 /* SupportDescriptionPopupViewController.swift in Sources */,
				576A3BE122F1202400F2FA61 /* TopCharactorView.swift in Sources */,
				574E40E422D587E100099341 /* SecondIntroView.swift in Sources */,
			);
			runOnlyForDeploymentPostprocessing = 0;
		};
		57C9205322B6117900A8B45D /* Sources */ = {
			isa = PBXSourcesBuildPhase;
			buildActionMask = 2147483647;
			files = (
				57C9205C22B6117900A8B45D /* kokoroAppiOSTests.swift in Sources */,
			);
			runOnlyForDeploymentPostprocessing = 0;
		};
		57C9205E22B6117900A8B45D /* Sources */ = {
			isa = PBXSourcesBuildPhase;
			buildActionMask = 2147483647;
			files = (
				57C9206722B6117900A8B45D /* kokoroAppiOSUITests.swift in Sources */,
			);
			runOnlyForDeploymentPostprocessing = 0;
		};
/* End PBXSourcesBuildPhase section */

/* Begin PBXTargetDependency section */
		57C9205922B6117900A8B45D /* PBXTargetDependency */ = {
			isa = PBXTargetDependency;
			target = 57C9204222B6117700A8B45D /* kokoroAppiOS */;
			targetProxy = 57C9205822B6117900A8B45D /* PBXContainerItemProxy */;
		};
		57C9206422B6117900A8B45D /* PBXTargetDependency */ = {
			isa = PBXTargetDependency;
			target = 57C9204222B6117700A8B45D /* kokoroAppiOS */;
			targetProxy = 57C9206322B6117900A8B45D /* PBXContainerItemProxy */;
		};
/* End PBXTargetDependency section */

/* Begin PBXVariantGroup section */
		57C9204F22B6117900A8B45D /* LaunchScreen.storyboard */ = {
			isa = PBXVariantGroup;
			children = (
				57C9205022B6117900A8B45D /* Base */,
			);
			name = LaunchScreen.storyboard;
			sourceTree = "<group>";
		};
/* End PBXVariantGroup section */

/* Begin XCBuildConfiguration section */
		57C9206922B6117900A8B45D /* Debug */ = {
			isa = XCBuildConfiguration;
			buildSettings = {
				ALWAYS_SEARCH_USER_PATHS = NO;
				CLANG_ANALYZER_NONNULL = YES;
				CLANG_ANALYZER_NUMBER_OBJECT_CONVERSION = YES_AGGRESSIVE;
				CLANG_CXX_LANGUAGE_STANDARD = "gnu++14";
				CLANG_CXX_LIBRARY = "libc++";
				CLANG_ENABLE_MODULES = YES;
				CLANG_ENABLE_OBJC_ARC = YES;
				CLANG_ENABLE_OBJC_WEAK = YES;
				CLANG_WARN_BLOCK_CAPTURE_AUTORELEASING = YES;
				CLANG_WARN_BOOL_CONVERSION = YES;
				CLANG_WARN_COMMA = YES;
				CLANG_WARN_CONSTANT_CONVERSION = YES;
				CLANG_WARN_DEPRECATED_OBJC_IMPLEMENTATIONS = YES;
				CLANG_WARN_DIRECT_OBJC_ISA_USAGE = YES_ERROR;
				CLANG_WARN_DOCUMENTATION_COMMENTS = YES;
				CLANG_WARN_EMPTY_BODY = YES;
				CLANG_WARN_ENUM_CONVERSION = YES;
				CLANG_WARN_INFINITE_RECURSION = YES;
				CLANG_WARN_INT_CONVERSION = YES;
				CLANG_WARN_NON_LITERAL_NULL_CONVERSION = YES;
				CLANG_WARN_OBJC_IMPLICIT_RETAIN_SELF = YES;
				CLANG_WARN_OBJC_LITERAL_CONVERSION = YES;
				CLANG_WARN_OBJC_ROOT_CLASS = YES_ERROR;
				CLANG_WARN_RANGE_LOOP_ANALYSIS = YES;
				CLANG_WARN_STRICT_PROTOTYPES = YES;
				CLANG_WARN_SUSPICIOUS_MOVE = YES;
				CLANG_WARN_UNGUARDED_AVAILABILITY = YES_AGGRESSIVE;
				CLANG_WARN_UNREACHABLE_CODE = YES;
				CLANG_WARN__DUPLICATE_METHOD_MATCH = YES;
				CODE_SIGN_IDENTITY = "iPhone Developer";
				COPY_PHASE_STRIP = NO;
				DEBUG_INFORMATION_FORMAT = dwarf;
				ENABLE_STRICT_OBJC_MSGSEND = YES;
				ENABLE_TESTABILITY = YES;
				GCC_C_LANGUAGE_STANDARD = gnu11;
				GCC_DYNAMIC_NO_PIC = NO;
				GCC_NO_COMMON_BLOCKS = YES;
				GCC_OPTIMIZATION_LEVEL = 0;
				GCC_PREPROCESSOR_DEFINITIONS = (
					"DEBUG=1",
					"$(inherited)",
				);
				GCC_WARN_64_TO_32_BIT_CONVERSION = YES;
				GCC_WARN_ABOUT_RETURN_TYPE = YES_ERROR;
				GCC_WARN_UNDECLARED_SELECTOR = YES;
				GCC_WARN_UNINITIALIZED_AUTOS = YES_AGGRESSIVE;
				GCC_WARN_UNUSED_FUNCTION = YES;
				GCC_WARN_UNUSED_VARIABLE = YES;
				IPHONEOS_DEPLOYMENT_TARGET = 12.2;
				MTL_ENABLE_DEBUG_INFO = INCLUDE_SOURCE;
				MTL_FAST_MATH = YES;
				ONLY_ACTIVE_ARCH = YES;
				SDKROOT = iphoneos;
				SWIFT_ACTIVE_COMPILATION_CONDITIONS = DEBUG;
				SWIFT_OPTIMIZATION_LEVEL = "-Onone";
			};
			name = Debug;
		};
		57C9206A22B6117900A8B45D /* Release */ = {
			isa = XCBuildConfiguration;
			buildSettings = {
				ALWAYS_SEARCH_USER_PATHS = NO;
				CLANG_ANALYZER_NONNULL = YES;
				CLANG_ANALYZER_NUMBER_OBJECT_CONVERSION = YES_AGGRESSIVE;
				CLANG_CXX_LANGUAGE_STANDARD = "gnu++14";
				CLANG_CXX_LIBRARY = "libc++";
				CLANG_ENABLE_MODULES = YES;
				CLANG_ENABLE_OBJC_ARC = YES;
				CLANG_ENABLE_OBJC_WEAK = YES;
				CLANG_WARN_BLOCK_CAPTURE_AUTORELEASING = YES;
				CLANG_WARN_BOOL_CONVERSION = YES;
				CLANG_WARN_COMMA = YES;
				CLANG_WARN_CONSTANT_CONVERSION = YES;
				CLANG_WARN_DEPRECATED_OBJC_IMPLEMENTATIONS = YES;
				CLANG_WARN_DIRECT_OBJC_ISA_USAGE = YES_ERROR;
				CLANG_WARN_DOCUMENTATION_COMMENTS = YES;
				CLANG_WARN_EMPTY_BODY = YES;
				CLANG_WARN_ENUM_CONVERSION = YES;
				CLANG_WARN_INFINITE_RECURSION = YES;
				CLANG_WARN_INT_CONVERSION = YES;
				CLANG_WARN_NON_LITERAL_NULL_CONVERSION = YES;
				CLANG_WARN_OBJC_IMPLICIT_RETAIN_SELF = YES;
				CLANG_WARN_OBJC_LITERAL_CONVERSION = YES;
				CLANG_WARN_OBJC_ROOT_CLASS = YES_ERROR;
				CLANG_WARN_RANGE_LOOP_ANALYSIS = YES;
				CLANG_WARN_STRICT_PROTOTYPES = YES;
				CLANG_WARN_SUSPICIOUS_MOVE = YES;
				CLANG_WARN_UNGUARDED_AVAILABILITY = YES_AGGRESSIVE;
				CLANG_WARN_UNREACHABLE_CODE = YES;
				CLANG_WARN__DUPLICATE_METHOD_MATCH = YES;
				CODE_SIGN_IDENTITY = "iPhone Developer";
				COPY_PHASE_STRIP = NO;
				DEBUG_INFORMATION_FORMAT = "dwarf-with-dsym";
				ENABLE_NS_ASSERTIONS = NO;
				ENABLE_STRICT_OBJC_MSGSEND = YES;
				GCC_C_LANGUAGE_STANDARD = gnu11;
				GCC_NO_COMMON_BLOCKS = YES;
				GCC_WARN_64_TO_32_BIT_CONVERSION = YES;
				GCC_WARN_ABOUT_RETURN_TYPE = YES_ERROR;
				GCC_WARN_UNDECLARED_SELECTOR = YES;
				GCC_WARN_UNINITIALIZED_AUTOS = YES_AGGRESSIVE;
				GCC_WARN_UNUSED_FUNCTION = YES;
				GCC_WARN_UNUSED_VARIABLE = YES;
				IPHONEOS_DEPLOYMENT_TARGET = 12.2;
				MTL_ENABLE_DEBUG_INFO = NO;
				MTL_FAST_MATH = YES;
				SDKROOT = iphoneos;
				SWIFT_COMPILATION_MODE = wholemodule;
				SWIFT_OPTIMIZATION_LEVEL = "-O";
				VALIDATE_PRODUCT = YES;
			};
			name = Release;
		};
		57C9206C22B6117900A8B45D /* Debug */ = {
			isa = XCBuildConfiguration;
			baseConfigurationReference = 6BBBD5F9FCDE252ADA0FAAA0 /* Pods-kokoroAppiOS.debug.xcconfig */;
			buildSettings = {
				ASSETCATALOG_COMPILER_APPICON_NAME = AppIcon;
				CODE_SIGN_ENTITLEMENTS = kokoroAppiOS/kokoroAppiOS.entitlements;
				CODE_SIGN_STYLE = Automatic;
				DEVELOPMENT_TEAM = 372QHH966L;
				INFOPLIST_FILE = kokoroAppiOS/Info.plist;
				LD_RUNPATH_SEARCH_PATHS = (
					"$(inherited)",
					"@executable_path/Frameworks",
				);
				PRODUCT_BUNDLE_IDENTIFIER = com.nakano.kokoroAppiOS;
				PRODUCT_NAME = "$(TARGET_NAME)";
				SWIFT_VERSION = 5.0;
				TARGETED_DEVICE_FAMILY = "1,2";
			};
			name = Debug;
		};
		57C9206D22B6117900A8B45D /* Release */ = {
			isa = XCBuildConfiguration;
			baseConfigurationReference = C1F762CBBAA04E8C2137D838 /* Pods-kokoroAppiOS.release.xcconfig */;
			buildSettings = {
				ASSETCATALOG_COMPILER_APPICON_NAME = AppIcon;
				CODE_SIGN_ENTITLEMENTS = kokoroAppiOS/kokoroAppiOS.entitlements;
				CODE_SIGN_STYLE = Automatic;
				DEVELOPMENT_TEAM = 372QHH966L;
				INFOPLIST_FILE = kokoroAppiOS/Info.plist;
				LD_RUNPATH_SEARCH_PATHS = (
					"$(inherited)",
					"@executable_path/Frameworks",
				);
				PRODUCT_BUNDLE_IDENTIFIER = com.nakano.kokoroAppiOS;
				PRODUCT_NAME = "$(TARGET_NAME)";
				SWIFT_VERSION = 5.0;
				TARGETED_DEVICE_FAMILY = "1,2";
			};
			name = Release;
		};
		57C9206F22B6117900A8B45D /* Debug */ = {
			isa = XCBuildConfiguration;
			baseConfigurationReference = AD3CF7E3CDCF5D94307C81EB /* Pods-kokoroAppiOSTests.debug.xcconfig */;
			buildSettings = {
				ALWAYS_EMBED_SWIFT_STANDARD_LIBRARIES = YES;
				BUNDLE_LOADER = "$(TEST_HOST)";
				CODE_SIGN_STYLE = Automatic;
				DEVELOPMENT_TEAM = 372QHH966L;
				INFOPLIST_FILE = kokoroAppiOSTests/Info.plist;
				LD_RUNPATH_SEARCH_PATHS = (
					"$(inherited)",
					"@executable_path/Frameworks",
					"@loader_path/Frameworks",
				);
				PRODUCT_BUNDLE_IDENTIFIER = com.nakano.kokoroAppiOSTests;
				PRODUCT_NAME = "$(TARGET_NAME)";
				SWIFT_VERSION = 5.0;
				TARGETED_DEVICE_FAMILY = "1,2";
				TEST_HOST = "$(BUILT_PRODUCTS_DIR)/kokoroAppiOS.app/kokoroAppiOS";
			};
			name = Debug;
		};
		57C9207022B6117900A8B45D /* Release */ = {
			isa = XCBuildConfiguration;
			baseConfigurationReference = 1DF6ABAE75256D41F5F72C5A /* Pods-kokoroAppiOSTests.release.xcconfig */;
			buildSettings = {
				ALWAYS_EMBED_SWIFT_STANDARD_LIBRARIES = YES;
				BUNDLE_LOADER = "$(TEST_HOST)";
				CODE_SIGN_STYLE = Automatic;
				DEVELOPMENT_TEAM = 372QHH966L;
				INFOPLIST_FILE = kokoroAppiOSTests/Info.plist;
				LD_RUNPATH_SEARCH_PATHS = (
					"$(inherited)",
					"@executable_path/Frameworks",
					"@loader_path/Frameworks",
				);
				PRODUCT_BUNDLE_IDENTIFIER = com.nakano.kokoroAppiOSTests;
				PRODUCT_NAME = "$(TARGET_NAME)";
				SWIFT_VERSION = 5.0;
				TARGETED_DEVICE_FAMILY = "1,2";
				TEST_HOST = "$(BUILT_PRODUCTS_DIR)/kokoroAppiOS.app/kokoroAppiOS";
			};
			name = Release;
		};
		57C9207222B6117900A8B45D /* Debug */ = {
			isa = XCBuildConfiguration;
			baseConfigurationReference = 542C011F2C7E460AFC578EAC /* Pods-kokoroAppiOSUITests.debug.xcconfig */;
			buildSettings = {
				ALWAYS_EMBED_SWIFT_STANDARD_LIBRARIES = YES;
				CODE_SIGN_STYLE = Automatic;
				DEVELOPMENT_TEAM = 372QHH966L;
				INFOPLIST_FILE = kokoroAppiOSUITests/Info.plist;
				LD_RUNPATH_SEARCH_PATHS = (
					"$(inherited)",
					"@executable_path/Frameworks",
					"@loader_path/Frameworks",
				);
				PRODUCT_BUNDLE_IDENTIFIER = com.nakano.kokoroAppiOSUITests;
				PRODUCT_NAME = "$(TARGET_NAME)";
				SWIFT_VERSION = 5.0;
				TARGETED_DEVICE_FAMILY = "1,2";
				TEST_TARGET_NAME = kokoroAppiOS;
			};
			name = Debug;
		};
		57C9207322B6117900A8B45D /* Release */ = {
			isa = XCBuildConfiguration;
			baseConfigurationReference = C38FDC11FD397E2978F107CF /* Pods-kokoroAppiOSUITests.release.xcconfig */;
			buildSettings = {
				ALWAYS_EMBED_SWIFT_STANDARD_LIBRARIES = YES;
				CODE_SIGN_STYLE = Automatic;
				DEVELOPMENT_TEAM = 372QHH966L;
				INFOPLIST_FILE = kokoroAppiOSUITests/Info.plist;
				LD_RUNPATH_SEARCH_PATHS = (
					"$(inherited)",
					"@executable_path/Frameworks",
					"@loader_path/Frameworks",
				);
				PRODUCT_BUNDLE_IDENTIFIER = com.nakano.kokoroAppiOSUITests;
				PRODUCT_NAME = "$(TARGET_NAME)";
				SWIFT_VERSION = 5.0;
				TARGETED_DEVICE_FAMILY = "1,2";
				TEST_TARGET_NAME = kokoroAppiOS;
			};
			name = Release;
		};
/* End XCBuildConfiguration section */

/* Begin XCConfigurationList section */
		57C9203E22B6117700A8B45D /* Build configuration list for PBXProject "kokoroAppiOS" */ = {
			isa = XCConfigurationList;
			buildConfigurations = (
				57C9206922B6117900A8B45D /* Debug */,
				57C9206A22B6117900A8B45D /* Release */,
			);
			defaultConfigurationIsVisible = 0;
			defaultConfigurationName = Release;
		};
		57C9206B22B6117900A8B45D /* Build configuration list for PBXNativeTarget "kokoroAppiOS" */ = {
			isa = XCConfigurationList;
			buildConfigurations = (
				57C9206C22B6117900A8B45D /* Debug */,
				57C9206D22B6117900A8B45D /* Release */,
			);
			defaultConfigurationIsVisible = 0;
			defaultConfigurationName = Release;
		};
		57C9206E22B6117900A8B45D /* Build configuration list for PBXNativeTarget "kokoroAppiOSTests" */ = {
			isa = XCConfigurationList;
			buildConfigurations = (
				57C9206F22B6117900A8B45D /* Debug */,
				57C9207022B6117900A8B45D /* Release */,
			);
			defaultConfigurationIsVisible = 0;
			defaultConfigurationName = Release;
		};
		57C9207122B6117900A8B45D /* Build configuration list for PBXNativeTarget "kokoroAppiOSUITests" */ = {
			isa = XCConfigurationList;
			buildConfigurations = (
				57C9207222B6117900A8B45D /* Debug */,
				57C9207322B6117900A8B45D /* Release */,
			);
			defaultConfigurationIsVisible = 0;
			defaultConfigurationName = Release;
		};
/* End XCConfigurationList section */
	};
	rootObject = 57C9203B22B6117700A8B45D /* Project object */;
}
